
Microsoft Visual Studio Solution File, Format Version 12.00
# Visual Studio Version 16
VisualStudioVersion = 16.0.31829.152
MinimumVisualStudioVersion = 10.0.40219.1
Project("{FAE04EC0-301F-11D3-BF4B-00C04F79EFBC}") = "GestPro", "GestPro.csproj", "{8D862D2F-8BEB-4F26-9E2C-DBBF0C7A37F5}"
EndProject
Global
	GlobalSection(SolutionConfigurationPlatforms) = preSolution
		Debug|Any CPU = Debug|Any CPU
		Release|Any CPU = Release|Any CPU
	EndGlobalSection
	GlobalSection(ProjectConfigurationPlatforms) = postSolution
		{8D862D2F-8BEB-4F26-9E2C-DBBF0C7A37F5}.Debug|Any CPU.ActiveCfg = Debug|Any CPU
		{8D862D2F-8BEB-4F26-9E2C-DBBF0C7A37F5}.Debug|Any CPU.Build.0 = Debug|Any CPU
		{8D862D2F-8BEB-4F26-9E2C-DBBF0C7A37F5}.Release|Any CPU.ActiveCfg = Release|Any CPU
		{8D862D2F-8BEB-4F26-9E2C-DBBF0C7A37F5}.Release|Any CPU.Build.0 = Release|Any CPU
	EndGlobalSection
	GlobalSection(SolutionProperties) = preSolution
		HideSolutionNode = FALSE
	EndGlobalSection
	GlobalSection(ExtensibilityGlobals) = postSolution
		SolutionGuid = {0B766C5C-DAFE-4C96-AEA3-E7AB28776F23}
	EndGlobalSection
EndGlobal
